
Microsoft Visual Studio Solution File, Format Version 12.00
# Visual Studio Version 16
VisualStudioVersion = 16.0.29123.88
MinimumVisualStudioVersion = 15.0.26124.0
Project("{9A19103F-16F7-4668-BE54-9A1E7A4F7556}") = "computus.core", "Computus.Core\computus.core.csproj", "{DB44A5C6-2E00-44D0-AC53-B9BFA9104C3A}"
EndProject
Project("{9A19103F-16F7-4668-BE54-9A1E7A4F7556}") = "Computus.Tests", "Computus.Tests\Computus.Tests.csproj", "{B6B535AB-3EBB-4530-983F-5B60807F39F6}"
EndProject
Global
	GlobalSection(SolutionConfigurationPlatforms) = preSolution
		Debug|Any CPU = Debug|Any CPU
		Debug|x64 = Debug|x64
		Debug|x86 = Debug|x86
		Release|Any CPU = Release|Any CPU
		Release|x64 = Release|x64
		Release|x86 = Release|x86
	EndGlobalSection
	GlobalSection(ProjectConfigurationPlatforms) = postSolution
		{DB44A5C6-2E00-44D0-AC53-B9BFA9104C3A}.Debug|Any CPU.ActiveCfg = Debug|Any CPU
		{DB44A5C6-2E00-44D0-AC53-B9BFA9104C3A}.Debug|Any CPU.Build.0 = Debug|Any CPU
		{DB44A5C6-2E00-44D0-AC53-B9BFA9104C3A}.Debug|x64.ActiveCfg = Debug|Any CPU
		{DB44A5C6-2E00-44D0-AC53-B9BFA9104C3A}.Debug|x64.Build.0 = Debug|Any CPU
		{DB44A5C6-2E00-44D0-AC53-B9BFA9104C3A}.Debug|x86.ActiveCfg = Debug|Any CPU
		{DB44A5C6-2E00-44D0-AC53-B9BFA9104C3A}.Debug|x86.Build.0 = Debug|Any CPU
		{DB44A5C6-2E00-44D0-AC53-B9BFA9104C3A}.Release|Any CPU.ActiveCfg = Release|Any CPU
		{DB44A5C6-2E00-44D0-AC53-B9BFA9104C3A}.Release|Any CPU.Build.0 = Release|Any CPU
		{DB44A5C6-2E00-44D0-AC53-B9BFA9104C3A}.Release|x64.ActiveCfg = Release|Any CPU
		{DB44A5C6-2E00-44D0-AC53-B9BFA9104C3A}.Release|x64.Build.0 = Release|Any CPU
		{DB44A5C6-2E00-44D0-AC53-B9BFA9104C3A}.Release|x86.ActiveCfg = Release|Any CPU
		{DB44A5C6-2E00-44D0-AC53-B9BFA9104C3A}.Release|x86.Build.0 = Release|Any CPU
		{B6B535AB-3EBB-4530-983F-5B60807F39F6}.Debug|Any CPU.ActiveCfg = Debug|Any CPU
		{B6B535AB-3EBB-4530-983F-5B60807F39F6}.Debug|Any CPU.Build.0 = Debug|Any CPU
		{B6B535AB-3EBB-4530-983F-5B60807F39F6}.Debug|x64.ActiveCfg = Debug|Any CPU
		{B6B535AB-3EBB-4530-983F-5B60807F39F6}.Debug|x64.Build.0 = Debug|Any CPU
		{B6B535AB-3EBB-4530-983F-5B60807F39F6}.Debug|x86.ActiveCfg = Debug|Any CPU
		{B6B535AB-3EBB-4530-983F-5B60807F39F6}.Debug|x86.Build.0 = Debug|Any CPU
		{B6B535AB-3EBB-4530-983F-5B60807F39F6}.Release|Any CPU.ActiveCfg = Release|Any CPU
		{B6B535AB-3EBB-4530-983F-5B60807F39F6}.Release|Any CPU.Build.0 = Release|Any CPU
		{B6B535AB-3EBB-4530-983F-5B60807F39F6}.Release|x64.ActiveCfg = Release|Any CPU
		{B6B535AB-3EBB-4530-983F-5B60807F39F6}.Release|x64.Build.0 = Release|Any CPU
		{B6B535AB-3EBB-4530-983F-5B60807F39F6}.Release|x86.ActiveCfg = Release|Any CPU
		{B6B535AB-3EBB-4530-983F-5B60807F39F6}.Release|x86.Build.0 = Release|Any CPU
	EndGlobalSection
	GlobalSection(SolutionProperties) = preSolution
		HideSolutionNode = FALSE
	EndGlobalSection
	GlobalSection(ExtensibilityGlobals) = postSolution
		SolutionGuid = {BB3BE529-E9D5-46BF-9A29-DB885EBBDE03}
	EndGlobalSection
EndGlobal
